
Microsoft Visual Studio Solution File, Format Version 11.00
# Visual Studio 2010
Project("{FAE04EC0-301F-11D3-BF4B-00C04F79EFBC}") = "Assembly-CSharp", "Assembly-CSharp.csproj", "{f32f1e9a-be4c-5d70-6750-92aa2954258f}"
EndProject
Project("{FAE04EC0-301F-11D3-BF4B-00C04F79EFBC}") = "Assembly-CSharp-Editor", "Assembly-CSharp-Editor.csproj", "{95d00e97-a3f5-1180-1781-bdce67b5ec12}"
EndProject
Global
	GlobalSection(SolutionConfigurationPlatforms) = preSolution
		Debug|Any CPU = Debug|Any CPU
	EndGlobalSection
	GlobalSection(ProjectConfigurationPlatforms) = postSolution
		{f32f1e9a-be4c-5d70-6750-92aa2954258f}.Debug|Any CPU.ActiveCfg = Debug|Any CPU
		{f32f1e9a-be4c-5d70-6750-92aa2954258f}.Debug|Any CPU.Build.0 = Debug|Any CPU
		{95d00e97-a3f5-1180-1781-bdce67b5ec12}.Debug|Any CPU.ActiveCfg = Debug|Any CPU
		{95d00e97-a3f5-1180-1781-bdce67b5ec12}.Debug|Any CPU.Build.0 = Debug|Any CPU
	EndGlobalSection
	GlobalSection(SolutionProperties) = preSolution
		HideSolutionNode = FALSE
	EndGlobalSection
EndGlobal
